// !$*UTF8*$!
{
	archiveVersion = 1;
	classes = {
	};
	objectVersion = 50;
	objects = {

/* Begin PBXBuildFile section */
		193159EA210795AA004CE459 /* AppDelegate.swift in Sources */ = {isa = PBXBuildFile; fileRef = 193159E9210795AA004CE459 /* AppDelegate.swift */; };
		193159EC210795AA004CE459 /* MyHomework.swift in Sources */ = {isa = PBXBuildFile; fileRef = 193159EB210795AA004CE459 /* MyHomework.swift */; };
		193159EF210795AA004CE459 /* Main.storyboard in Resources */ = {isa = PBXBuildFile; fileRef = 193159ED210795AA004CE459 /* Main.storyboard */; };
		193159F2210795AA004CE459 /* My_Homework.xcdatamodeld in Sources */ = {isa = PBXBuildFile; fileRef = 193159F0210795AA004CE459 /* My_Homework.xcdatamodeld */; };
		193159F4210795AC004CE459 /* Assets.xcassets in Resources */ = {isa = PBXBuildFile; fileRef = 193159F3210795AC004CE459 /* Assets.xcassets */; };
		193159F7210795AC004CE459 /* LaunchScreen.storyboard in Resources */ = {isa = PBXBuildFile; fileRef = 193159F5210795AC004CE459 /* LaunchScreen.storyboard */; };
		193159FF210B9198004CE459 /* SubjectCell.swift in Sources */ = {isa = PBXBuildFile; fileRef = 193159FE210B9198004CE459 /* SubjectCell.swift */; };
		19315A01210B9451004CE459 /* PersistentService.swift in Sources */ = {isa = PBXBuildFile; fileRef = 19315A00210B9451004CE459 /* PersistentService.swift */; };
		19315A03210B95DC004CE459 /* TopicsViewController.swift in Sources */ = {isa = PBXBuildFile; fileRef = 19315A02210B95DC004CE459 /* TopicsViewController.swift */; };
		19D8948B2190577200695A89 /* NewTopicViewController.swift in Sources */ = {isa = PBXBuildFile; fileRef = 19D8948A2190577200695A89 /* NewTopicViewController.swift */; };
		80D8266A1B84F91823A74258 /* Pods_My_Homework.framework in Frameworks */ = {isa = PBXBuildFile; fileRef = 9BD09ED2889FB9C51B42B94C /* Pods_My_Homework.framework */; };
/* End PBXBuildFile section */

/* Begin PBXFileReference section */
		193159E6210795AA004CE459 /* My Homework.app */ = {isa = PBXFileReference; explicitFileType = wrapper.application; includeInIndex = 0; path = "My Homework.app"; sourceTree = BUILT_PRODUCTS_DIR; };
		193159E9210795AA004CE459 /* AppDelegate.swift */ = {isa = PBXFileReference; lastKnownFileType = sourcecode.swift; path = AppDelegate.swift; sourceTree = "<group>"; };
		193159EB210795AA004CE459 /* MyHomework.swift */ = {isa = PBXFileReference; lastKnownFileType = sourcecode.swift; path = MyHomework.swift; sourceTree = "<group>"; };
		193159EE210795AA004CE459 /* Base */ = {isa = PBXFileReference; lastKnownFileType = file.storyboard; name = Base; path = Base.lproj/Main.storyboard; sourceTree = "<group>"; };
		193159F1210795AA004CE459 /* My_Homework.xcdatamodel */ = {isa = PBXFileReference; lastKnownFileType = wrapper.xcdatamodel; path = My_Homework.xcdatamodel; sourceTree = "<group>"; };
		193159F3210795AC004CE459 /* Assets.xcassets */ = {isa = PBXFileReference; lastKnownFileType = folder.assetcatalog; path = Assets.xcassets; sourceTree = "<group>"; };
		193159F6210795AC004CE459 /* Base */ = {isa = PBXFileReference; lastKnownFileType = file.storyboard; name = Base; path = Base.lproj/LaunchScreen.storyboard; sourceTree = "<group>"; };
		193159F8210795AC004CE459 /* Info.plist */ = {isa = PBXFileReference; lastKnownFileType = text.plist.xml; path = Info.plist; sourceTree = "<group>"; };
		193159FE210B9198004CE459 /* SubjectCell.swift */ = {isa = PBXFileReference; lastKnownFileType = sourcecode.swift; path = SubjectCell.swift; sourceTree = "<group>"; };
		19315A00210B9451004CE459 /* PersistentService.swift */ = {isa = PBXFileReference; lastKnownFileType = sourcecode.swift; path = PersistentService.swift; sourceTree = "<group>"; };
		19315A02210B95DC004CE459 /* TopicsViewController.swift */ = {isa = PBXFileReference; lastKnownFileType = sourcecode.swift; path = TopicsViewController.swift; sourceTree = "<group>"; };
		19D8948A2190577200695A89 /* NewTopicViewController.swift */ = {isa = PBXFileReference; lastKnownFileType = sourcecode.swift; path = NewTopicViewController.swift; sourceTree = "<group>"; };
		9BD09ED2889FB9C51B42B94C /* Pods_My_Homework.framework */ = {isa = PBXFileReference; explicitFileType = wrapper.framework; includeInIndex = 0; path = Pods_My_Homework.framework; sourceTree = BUILT_PRODUCTS_DIR; };
		CF6F95F236022358C9801913 /* Pods-My Homework.debug.xcconfig */ = {isa = PBXFileReference; includeInIndex = 1; lastKnownFileType = text.xcconfig; name = "Pods-My Homework.debug.xcconfig"; path = "Pods/Target Support Files/Pods-My Homework/Pods-My Homework.debug.xcconfig"; sourceTree = "<group>"; };
		D4AA9341E09480DFBE51154E /* Pods-My Homework.release.xcconfig */ = {isa = PBXFileReference; includeInIndex = 1; lastKnownFileType = text.xcconfig; name = "Pods-My Homework.release.xcconfig"; path = "Pods/Target Support Files/Pods-My Homework/Pods-My Homework.release.xcconfig"; sourceTree = "<group>"; };
/* End PBXFileReference section */

/* Begin PBXFrameworksBuildPhase section */
		193159E3210795AA004CE459 /* Frameworks */ = {
			isa = PBXFrameworksBuildPhase;
			buildActionMask = 2147483647;
			files = (
				80D8266A1B84F91823A74258 /* Pods_My_Homework.framework in Frameworks */,
			);
			runOnlyForDeploymentPostprocessing = 0;
		};
/* End PBXFrameworksBuildPhase section */

/* Begin PBXGroup section */
		193159DD210795AA004CE459 = {
			isa = PBXGroup;
			children = (
				193159E8210795AA004CE459 /* My Homework */,
				193159E7210795AA004CE459 /* Products */,
				D6E87284E959D71DBB107AED /* Pods */,
				C436A3BC61AA9887431647EC /* Frameworks */,
			);
			sourceTree = "<group>";
		};
		193159E7210795AA004CE459 /* Products */ = {
			isa = PBXGroup;
			children = (
				193159E6210795AA004CE459 /* My Homework.app */,
			);
			name = Products;
			sourceTree = "<group>";
		};
		193159E8210795AA004CE459 /* My Homework */ = {
			isa = PBXGroup;
			children = (
				193159E9210795AA004CE459 /* AppDelegate.swift */,
				193159EB210795AA004CE459 /* MyHomework.swift */,
				19D8948A2190577200695A89 /* NewTopicViewController.swift */,
				19315A00210B9451004CE459 /* PersistentService.swift */,
				193159FE210B9198004CE459 /* SubjectCell.swift */,
				193159ED210795AA004CE459 /* Main.storyboard */,
				19315A02210B95DC004CE459 /* TopicsViewController.swift */,
				193159F3210795AC004CE459 /* Assets.xcassets */,
				193159F5210795AC004CE459 /* LaunchScreen.storyboard */,
				193159F8210795AC004CE459 /* Info.plist */,
				193159F0210795AA004CE459 /* My_Homework.xcdatamodeld */,
			);
			path = "My Homework";
			sourceTree = "<group>";
		};
		C436A3BC61AA9887431647EC /* Frameworks */ = {
			isa = PBXGroup;
			children = (
				9BD09ED2889FB9C51B42B94C /* Pods_My_Homework.framework */,
			);
			name = Frameworks;
			sourceTree = "<group>";
		};
		D6E87284E959D71DBB107AED /* Pods */ = {
			isa = PBXGroup;
			children = (
				CF6F95F236022358C9801913 /* Pods-My Homework.debug.xcconfig */,
				D4AA9341E09480DFBE51154E /* Pods-My Homework.release.xcconfig */,
			);
			name = Pods;
			sourceTree = "<group>";
		};
/* End PBXGroup section */

/* Begin PBXNativeTarget section */
		193159E5210795AA004CE459 /* My Homework */ = {
			isa = PBXNativeTarget;
			buildConfigurationList = 193159FB210795AC004CE459 /* Build configuration list for PBXNativeTarget "My Homework" */;
			buildPhases = (
				25769CC9BED3B2364059D266 /* [CP] Check Pods Manifest.lock */,
				193159E2210795AA004CE459 /* Sources */,
				193159E3210795AA004CE459 /* Frameworks */,
				193159E4210795AA004CE459 /* Resources */,
				F2E5B98CE9C115451D31CED9 /* [CP] Embed Pods Frameworks */,
				BDBB00E3C6F768DC1A8E3BD4 /* [CP] Copy Pods Resources */,
			);
			buildRules = (
			);
			dependencies = (
			);
			name = "My Homework";
			productName = "My Homework";
			productReference = 193159E6210795AA004CE459 /* My Homework.app */;
			productType = "com.apple.product-type.application";
		};
/* End PBXNativeTarget section */

/* Begin PBXProject section */
		193159DE210795AA004CE459 /* Project object */ = {
			isa = PBXProject;
			attributes = {
				LastSwiftUpdateCheck = 0940;
				LastUpgradeCheck = 0940;
				ORGANIZATIONNAME = "Manas Producers";
				TargetAttributes = {
					193159E5210795AA004CE459 = {
						CreatedOnToolsVersion = 9.4.1;
						LastSwiftMigration = 1000;
					};
				};
			};
			buildConfigurationList = 193159E1210795AA004CE459 /* Build configuration list for PBXProject "My Homework" */;
			compatibilityVersion = "Xcode 9.3";
			developmentRegion = en;
			hasScannedForEncodings = 0;
			knownRegions = (
				en,
				Base,
			);
			mainGroup = 193159DD210795AA004CE459;
			productRefGroup = 193159E7210795AA004CE459 /* Products */;
			projectDirPath = "";
			projectRoot = "";
			targets = (
				193159E5210795AA004CE459 /* My Homework */,
			);
		};
/* End PBXProject section */

/* Begin PBXResourcesBuildPhase section */
		193159E4210795AA004CE459 /* Resources */ = {
			isa = PBXResourcesBuildPhase;
			buildActionMask = 2147483647;
			files = (
				193159F7210795AC004CE459 /* LaunchScreen.storyboard in Resources */,
				193159F4210795AC004CE459 /* Assets.xcassets in Resources */,
				193159EF210795AA004CE459 /* Main.storyboard in Resources */,
			);
			runOnlyForDeploymentPostprocessing = 0;
		};
/* End PBXResourcesBuildPhase section */

/* Begin PBXShellScriptBuildPhase section */
		25769CC9BED3B2364059D266 /* [CP] Check Pods Manifest.lock */ = {
			isa = PBXShellScriptBuildPhase;
			buildActionMask = 2147483647;
			files = (
			);
			inputPaths = (
				"${PODS_PODFILE_DIR_PATH}/Podfile.lock",
				"${PODS_ROOT}/Manifest.lock",
			);
			name = "[CP] Check Pods Manifest.lock";
			outputPaths = (
				"$(DERIVED_FILE_DIR)/Pods-My Homework-checkManifestLockResult.txt",
			);
			runOnlyForDeploymentPostprocessing = 0;
			shellPath = /bin/sh;
			shellScript = "diff \"${PODS_PODFILE_DIR_PATH}/Podfile.lock\" \"${PODS_ROOT}/Manifest.lock\" > /dev/null\nif [ $? != 0 ] ; then\n    # print error to STDERR\n    echo \"error: The sandbox is not in sync with the Podfile.lock. Run 'pod install' or update your CocoaPods installation.\" >&2\n    exit 1\nfi\n# This output is used by Xcode 'outputs' to avoid re-running this script phase.\necho \"SUCCESS\" > \"${SCRIPT_OUTPUT_FILE_0}\"\n";
			showEnvVarsInLog = 0;
		};
		BDBB00E3C6F768DC1A8E3BD4 /* [CP] Copy Pods Resources */ = {
			isa = PBXShellScriptBuildPhase;
			buildActionMask = 2147483647;
			files = (
			);
			inputPaths = (
			);
			name = "[CP] Copy Pods Resources";
			outputPaths = (
			);
			runOnlyForDeploymentPostprocessing = 0;
			shellPath = /bin/sh;
			shellScript = "\"${SRCROOT}/Pods/Target Support Files/Pods-My Homework/Pods-My Homework-resources.sh\"\n";
			showEnvVarsInLog = 0;
		};
		F2E5B98CE9C115451D31CED9 /* [CP] Embed Pods Frameworks */ = {
			isa = PBXShellScriptBuildPhase;
			buildActionMask = 2147483647;
			files = (
			);
			inputPaths = (
				"${SRCROOT}/Pods/Target Support Files/Pods-My Homework/Pods-My Homework-frameworks.sh",
				"${BUILT_PRODUCTS_DIR}/SwipeCellKit/SwipeCellKit.framework",
			);
			name = "[CP] Embed Pods Frameworks";
			outputPaths = (
				"${TARGET_BUILD_DIR}/${FRAMEWORKS_FOLDER_PATH}/SwipeCellKit.framework",
			);
			runOnlyForDeploymentPostprocessing = 0;
			shellPath = /bin/sh;
			shellScript = "\"${SRCROOT}/Pods/Target Support Files/Pods-My Homework/Pods-My Homework-frameworks.sh\"\n";
			showEnvVarsInLog = 0;
		};
/* End PBXShellScriptBuildPhase section */

/* Begin PBXSourcesBuildPhase section */
		193159E2210795AA004CE459 /* Sources */ = {
			isa = PBXSourcesBuildPhase;
			buildActionMask = 2147483647;
			files = (
				193159FF210B9198004CE459 /* SubjectCell.swift in Sources */,
				193159EC210795AA004CE459 /* MyHomework.swift in Sources */,
				19315A03210B95DC004CE459 /* TopicsViewController.swift in Sources */,
				19315A01210B9451004CE459 /* PersistentService.swift in Sources */,
				19D8948B2190577200695A89 /* NewTopicViewController.swift in Sources */,
				193159EA210795AA004CE459 /* AppDelegate.swift in Sources */,
				193159F2210795AA004CE459 /* My_Homework.xcdatamodeld in Sources */,
			);
			runOnlyForDeploymentPostprocessing = 0;
		};
/* End PBXSourcesBuildPhase section */

/* Begin PBXVariantGroup section */
		193159ED210795AA004CE459 /* Main.storyboard */ = {
			isa = PBXVariantGroup;
			children = (
				193159EE210795AA004CE459 /* Base */,
			);
			name = Main.storyboard;
			sourceTree = "<group>";
		};
		193159F5210795AC004CE459 /* LaunchScreen.storyboard */ = {
			isa = PBXVariantGroup;
			children = (
				193159F6210795AC004CE459 /* Base */,
			);
			name = LaunchScreen.storyboard;
			sourceTree = "<group>";
		};
/* End PBXVariantGroup section */

/* Begin XCBuildConfiguration section */
		193159F9210795AC004CE459 /* Debug */ = {
			isa = XCBuildConfiguration;
			buildSettings = {
				ALWAYS_SEARCH_USER_PATHS = NO;
				CLANG_ANALYZER_NONNULL = YES;
				CLANG_ANALYZER_NUMBER_OBJECT_CONVERSION = YES_AGGRESSIVE;
				CLANG_CXX_LANGUAGE_STANDARD = "gnu++14";
				CLANG_CXX_LIBRARY = "libc++";
				CLANG_ENABLE_MODULES = YES;
				CLANG_ENABLE_OBJC_ARC = YES;
				CLANG_ENABLE_OBJC_WEAK = YES;
				CLANG_WARN_BLOCK_CAPTURE_AUTORELEASING = YES;
				CLANG_WARN_BOOL_CONVERSION = YES;
				CLANG_WARN_COMMA = YES;
				CLANG_WARN_CONSTANT_CONVERSION = YES;
				CLANG_WARN_DEPRECATED_OBJC_IMPLEMENTATIONS = YES;
				CLANG_WARN_DIRECT_OBJC_ISA_USAGE = YES_ERROR;
				CLANG_WARN_DOCUMENTATION_COMMENTS = YES;
				CLANG_WARN_EMPTY_BODY = YES;
				CLANG_WARN_ENUM_CONVERSION = YES;
				CLANG_WARN_INFINITE_RECURSION = YES;
				CLANG_WARN_INT_CONVERSION = YES;
				CLANG_WARN_NON_LITERAL_NULL_CONVERSION = YES;
				CLANG_WARN_OBJC_IMPLICIT_RETAIN_SELF = YES;
				CLANG_WARN_OBJC_LITERAL_CONVERSION = YES;
				CLANG_WARN_OBJC_ROOT_CLASS = YES_ERROR;
				CLANG_WARN_RANGE_LOOP_ANALYSIS = YES;
				CLANG_WARN_STRICT_PROTOTYPES = YES;
				CLANG_WARN_SUSPICIOUS_MOVE = YES;
				CLANG_WARN_UNGUARDED_AVAILABILITY = YES_AGGRESSIVE;
				CLANG_WARN_UNREACHABLE_CODE = YES;
				CLANG_WARN__DUPLICATE_METHOD_MATCH = YES;
				CODE_SIGN_IDENTITY = "iPhone Developer";
				COPY_PHASE_STRIP = NO;
				DEBUG_INFORMATION_FORMAT = dwarf;
				ENABLE_STRICT_OBJC_MSGSEND = YES;
				ENABLE_TESTABILITY = YES;
				GCC_C_LANGUAGE_STANDARD = gnu11;
				GCC_DYNAMIC_NO_PIC = NO;
				GCC_NO_COMMON_BLOCKS = YES;
				GCC_OPTIMIZATION_LEVEL = 0;
				GCC_PREPROCESSOR_DEFINITIONS = (
					"DEBUG=1",
					"$(inherited)",
				);
				GCC_WARN_64_TO_32_BIT_CONVERSION = YES;
				GCC_WARN_ABOUT_RETURN_TYPE = YES_ERROR;
				GCC_WARN_UNDECLARED_SELECTOR = YES;
				GCC_WARN_UNINITIALIZED_AUTOS = YES_AGGRESSIVE;
				GCC_WARN_UNUSED_FUNCTION = YES;
				GCC_WARN_UNUSED_VARIABLE = YES;
				IPHONEOS_DEPLOYMENT_TARGET = 11.4;
				MTL_ENABLE_DEBUG_INFO = YES;
				ONLY_ACTIVE_ARCH = YES;
				SDKROOT = iphoneos;
				SWIFT_ACTIVE_COMPILATION_CONDITIONS = DEBUG;
				SWIFT_OPTIMIZATION_LEVEL = "-Onone";
			};
			name = Debug;
		};
		193159FA210795AC004CE459 /* Release */ = {
			isa = XCBuildConfiguration;
			buildSettings = {
				ALWAYS_SEARCH_USER_PATHS = NO;
				CLANG_ANALYZER_NONNULL = YES;
				CLANG_ANALYZER_NUMBER_OBJECT_CONVERSION = YES_AGGRESSIVE;
				CLANG_CXX_LANGUAGE_STANDARD = "gnu++14";
				CLANG_CXX_LIBRARY = "libc++";
				CLANG_ENABLE_MODULES = YES;
				CLANG_ENABLE_OBJC_ARC = YES;
				CLANG_ENABLE_OBJC_WEAK = YES;
				CLANG_WARN_BLOCK_CAPTURE_AUTORELEASING = YES;
				CLANG_WARN_BOOL_CONVERSION = YES;
				CLANG_WARN_COMMA = YES;
				CLANG_WARN_CONSTANT_CONVERSION = YES;
				CLANG_WARN_DEPRECATED_OBJC_IMPLEMENTATIONS = YES;
				CLANG_WARN_DIRECT_OBJC_ISA_USAGE = YES_ERROR;
				CLANG_WARN_DOCUMENTATION_COMMENTS = YES;
				CLANG_WARN_EMPTY_BODY = YES;
				CLANG_WARN_ENUM_CONVERSION = YES;
				CLANG_WARN_INFINITE_RECURSION = YES;
				CLANG_WARN_INT_CONVERSION = YES;
				CLANG_WARN_NON_LITERAL_NULL_CONVERSION = YES;
				CLANG_WARN_OBJC_IMPLICIT_RETAIN_SELF = YES;
				CLANG_WARN_OBJC_LITERAL_CONVERSION = YES;
				CLANG_WARN_OBJC_ROOT_CLASS = YES_ERROR;
				CLANG_WARN_RANGE_LOOP_ANALYSIS = YES;
				CLANG_WARN_STRICT_PROTOTYPES = YES;
				CLANG_WARN_SUSPICIOUS_MOVE = YES;
				CLANG_WARN_UNGUARDED_AVAILABILITY = YES_AGGRESSIVE;
				CLANG_WARN_UNREACHABLE_CODE = YES;
				CLANG_WARN__DUPLICATE_METHOD_MATCH = YES;
				CODE_SIGN_IDENTITY = "iPhone Developer";
				COPY_PHASE_STRIP = NO;
				DEBUG_INFORMATION_FORMAT = "dwarf-with-dsym";
				ENABLE_NS_ASSERTIONS = NO;
				ENABLE_STRICT_OBJC_MSGSEND = YES;
				GCC_C_LANGUAGE_STANDARD = gnu11;
				GCC_NO_COMMON_BLOCKS = YES;
				GCC_WARN_64_TO_32_BIT_CONVERSION = YES;
				GCC_WARN_ABOUT_RETURN_TYPE = YES_ERROR;
				GCC_WARN_UNDECLARED_SELECTOR = YES;
				GCC_WARN_UNINITIALIZED_AUTOS = YES_AGGRESSIVE;
				GCC_WARN_UNUSED_FUNCTION = YES;
				GCC_WARN_UNUSED_VARIABLE = YES;
				IPHONEOS_DEPLOYMENT_TARGET = 11.4;
				MTL_ENABLE_DEBUG_INFO = NO;
				SDKROOT = iphoneos;
				SWIFT_COMPILATION_MODE = wholemodule;
				SWIFT_OPTIMIZATION_LEVEL = "-O";
				VALIDATE_PRODUCT = YES;
			};
			name = Release;
		};
		193159FC210795AC004CE459 /* Debug */ = {
			isa = XCBuildConfiguration;
			baseConfigurationReference = CF6F95F236022358C9801913 /* Pods-My Homework.debug.xcconfig */;
			buildSettings = {
				ASSETCATALOG_COMPILER_APPICON_NAME = AppIcon;
				CODE_SIGN_STYLE = Automatic;
				DEVELOPMENT_TEAM = 3RPU8N4B3R;
				INFOPLIST_FILE = "My Homework/Info.plist";
				LD_RUNPATH_SEARCH_PATHS = "$(inherited) @executable_path/Frameworks";
				PRODUCT_BUNDLE_IDENTIFIER = "com.ManasProducers.My-Homework";
				PRODUCT_NAME = "$(TARGET_NAME)";
				SWIFT_VERSION = 4.2;
				TARGETED_DEVICE_FAMILY = "1,2";
			};
			name = Debug;
		};
		193159FD210795AC004CE459 /* Release */ = {
			isa = XCBuildConfiguration;
			baseConfigurationReference = D4AA9341E09480DFBE51154E /* Pods-My Homework.release.xcconfig */;
			buildSettings = {
				ASSETCATALOG_COMPILER_APPICON_NAME = AppIcon;
				CODE_SIGN_STYLE = Automatic;
				DEVELOPMENT_TEAM = 3RPU8N4B3R;
				INFOPLIST_FILE = "My Homework/Info.plist";
				LD_RUNPATH_SEARCH_PATHS = "$(inherited) @executable_path/Frameworks";
				PRODUCT_BUNDLE_IDENTIFIER = "com.ManasProducers.My-Homework";
				PRODUCT_NAME = "$(TARGET_NAME)";
				SWIFT_VERSION = 4.2;
				TARGETED_DEVICE_FAMILY = "1,2";
			};
			name = Release;
		};
/* End XCBuildConfiguration section */

/* Begin XCConfigurationList section */
		193159E1210795AA004CE459 /* Build configuration list for PBXProject "My Homework" */ = {
			isa = XCConfigurationList;
			buildConfigurations = (
				193159F9210795AC004CE459 /* Debug */,
				193159FA210795AC004CE459 /* Release */,
			);
			defaultConfigurationIsVisible = 0;
			defaultConfigurationName = Release;
		};
		193159FB210795AC004CE459 /* Build configuration list for PBXNativeTarget "My Homework" */ = {
			isa = XCConfigurationList;
			buildConfigurations = (
				193159FC210795AC004CE459 /* Debug */,
				193159FD210795AC004CE459 /* Release */,
			);
			defaultConfigurationIsVisible = 0;
			defaultConfigurationName = Release;
		};
/* End XCConfigurationList section */

/* Begin XCVersionGroup section */
		193159F0210795AA004CE459 /* My_Homework.xcdatamodeld */ = {
			isa = XCVersionGroup;
			children = (
				193159F1210795AA004CE459 /* My_Homework.xcdatamodel */,
			);
			currentVersion = 193159F1210795AA004CE459 /* My_Homework.xcdatamodel */;
			path = My_Homework.xcdatamodeld;
			sourceTree = "<group>";
			versionGroupType = wrapper.xcdatamodel;
		};
/* End XCVersionGroup section */
	};
	rootObject = 193159DE210795AA004CE459 /* Project object */;
}
